
Microsoft Visual Studio Solution File, Format Version 12.00
# Visual Studio Version 16
VisualStudioVersion = 16.0.28922.388
MinimumVisualStudioVersion = 10.0.40219.1
Project("{FAE04EC0-301F-11D3-BF4B-00C04F79EFBC}") = "AVLT_REE", "AVLT_REE\AVLT_REE.csproj", "{96D11024-2DBD-4DEC-80E5-3F6B7E353D80}"
EndProject
Global
	GlobalSection(SolutionConfigurationPlatforms) = preSolution
		Debug|Any CPU = Debug|Any CPU
		Release|Any CPU = Release|Any CPU
	EndGlobalSection
	GlobalSection(ProjectConfigurationPlatforms) = postSolution
		{96D11024-2DBD-4DEC-80E5-3F6B7E353D80}.Debug|Any CPU.ActiveCfg = Debug|Any CPU
		{96D11024-2DBD-4DEC-80E5-3F6B7E353D80}.Debug|Any CPU.Build.0 = Debug|Any CPU
		{96D11024-2DBD-4DEC-80E5-3F6B7E353D80}.Release|Any CPU.ActiveCfg = Release|Any CPU
		{96D11024-2DBD-4DEC-80E5-3F6B7E353D80}.Release|Any CPU.Build.0 = Release|Any CPU
	EndGlobalSection
	GlobalSection(SolutionProperties) = preSolution
		HideSolutionNode = FALSE
	EndGlobalSection
	GlobalSection(ExtensibilityGlobals) = postSolution
		SolutionGuid = {E787B86C-4639-4EF6-AC86-55FD117228BF}
	EndGlobalSection
EndGlobal
