
Microsoft Visual Studio Solution File, Format Version 12.00
# Visual Studio Version 16
VisualStudioVersion = 16.0.28922.388
MinimumVisualStudioVersion = 10.0.40219.1
Project("{FAE04EC0-301F-11D3-BF4B-00C04F79EFBC}") = "SupergoodBesTaiprogram", "SupergoodBesTaiprogram\SupergoodBesTaiprogram.csproj", "{C8D63668-73F9-4762-9A55-4564347636BC}"
EndProject
Global
	GlobalSection(SolutionConfigurationPlatforms) = preSolution
		Debug|Any CPU = Debug|Any CPU
		Release|Any CPU = Release|Any CPU
	EndGlobalSection
	GlobalSection(ProjectConfigurationPlatforms) = postSolution
		{C8D63668-73F9-4762-9A55-4564347636BC}.Debug|Any CPU.ActiveCfg = Debug|Any CPU
		{C8D63668-73F9-4762-9A55-4564347636BC}.Debug|Any CPU.Build.0 = Debug|Any CPU
		{C8D63668-73F9-4762-9A55-4564347636BC}.Release|Any CPU.ActiveCfg = Release|Any CPU
		{C8D63668-73F9-4762-9A55-4564347636BC}.Release|Any CPU.Build.0 = Release|Any CPU
	EndGlobalSection
	GlobalSection(SolutionProperties) = preSolution
		HideSolutionNode = FALSE
	EndGlobalSection
	GlobalSection(ExtensibilityGlobals) = postSolution
		SolutionGuid = {3E17E1F8-2F6D-452B-B747-A07A24903154}
	EndGlobalSection
EndGlobal
