
Microsoft Visual Studio Solution File, Format Version 12.00
# Visual Studio Version 16
VisualStudioVersion = 16.0.29609.76
MinimumVisualStudioVersion = 10.0.40219.1
Project("{FAE04EC0-301F-11D3-BF4B-00C04F79EFBC}") = "theUNIONwon", "theUNIONwon\theUNIONwon.csproj", "{BD22D817-33C3-4958-BEF5-5AF1C79AF565}"
EndProject
Global
	GlobalSection(SolutionConfigurationPlatforms) = preSolution
		Debug|Any CPU = Debug|Any CPU
		Release|Any CPU = Release|Any CPU
	EndGlobalSection
	GlobalSection(ProjectConfigurationPlatforms) = postSolution
		{BD22D817-33C3-4958-BEF5-5AF1C79AF565}.Debug|Any CPU.ActiveCfg = Debug|Any CPU
		{BD22D817-33C3-4958-BEF5-5AF1C79AF565}.Debug|Any CPU.Build.0 = Debug|Any CPU
		{BD22D817-33C3-4958-BEF5-5AF1C79AF565}.Release|Any CPU.ActiveCfg = Release|Any CPU
		{BD22D817-33C3-4958-BEF5-5AF1C79AF565}.Release|Any CPU.Build.0 = Release|Any CPU
	EndGlobalSection
	GlobalSection(SolutionProperties) = preSolution
		HideSolutionNode = FALSE
	EndGlobalSection
	GlobalSection(ExtensibilityGlobals) = postSolution
		SolutionGuid = {416BEC6E-56D9-4D2B-9DEF-03EAD6DE6B47}
	EndGlobalSection
EndGlobal
