
Microsoft Visual Studio Solution File, Format Version 12.00
# Visual Studio Version 16
VisualStudioVersion = 16.0.28922.388
MinimumVisualStudioVersion = 10.0.40219.1
Project("{9A19103F-16F7-4668-BE54-9A1E7A4F7556}") = "RiBbiT", "RiBbiT\RiBbiT.csproj", "{261CEEC4-D9EB-481F-9AE1-5199DB67ADE0}"
EndProject
Project("{9A19103F-16F7-4668-BE54-9A1E7A4F7556}") = "AVLT_REE", "..\AVLT_REE\AVLT_REE\AVLT_REE.csproj", "{03BE281F-DBC1-4C37-8B79-93E5A7EA7D09}"
EndProject
Global
	GlobalSection(SolutionConfigurationPlatforms) = preSolution
		Debug|Any CPU = Debug|Any CPU
		Release|Any CPU = Release|Any CPU
	EndGlobalSection
	GlobalSection(ProjectConfigurationPlatforms) = postSolution
		{261CEEC4-D9EB-481F-9AE1-5199DB67ADE0}.Debug|Any CPU.ActiveCfg = Debug|Any CPU
		{261CEEC4-D9EB-481F-9AE1-5199DB67ADE0}.Debug|Any CPU.Build.0 = Debug|Any CPU
		{261CEEC4-D9EB-481F-9AE1-5199DB67ADE0}.Release|Any CPU.ActiveCfg = Release|Any CPU
		{261CEEC4-D9EB-481F-9AE1-5199DB67ADE0}.Release|Any CPU.Build.0 = Release|Any CPU
		{03BE281F-DBC1-4C37-8B79-93E5A7EA7D09}.Debug|Any CPU.ActiveCfg = Debug|Any CPU
		{03BE281F-DBC1-4C37-8B79-93E5A7EA7D09}.Debug|Any CPU.Build.0 = Debug|Any CPU
		{03BE281F-DBC1-4C37-8B79-93E5A7EA7D09}.Release|Any CPU.ActiveCfg = Release|Any CPU
		{03BE281F-DBC1-4C37-8B79-93E5A7EA7D09}.Release|Any CPU.Build.0 = Release|Any CPU
	EndGlobalSection
	GlobalSection(SolutionProperties) = preSolution
		HideSolutionNode = FALSE
	EndGlobalSection
	GlobalSection(ExtensibilityGlobals) = postSolution
		SolutionGuid = {0D12A4D4-A7ED-4BA7-B749-2A89166BD62E}
	EndGlobalSection
EndGlobal
