
Microsoft Visual Studio Solution File, Format Version 12.00
# Visual Studio Version 16
VisualStudioVersion = 16.0.28803.352
MinimumVisualStudioVersion = 10.0.40219.1
Project("{FAE04EC0-301F-11D3-BF4B-00C04F79EFBC}") = "treeeeeeeeeeeeeeeeeeeeeeeeeeeeeeeeeeeeeeeeeee", "treeeeeeeeeeeeeeeeeeeeeeeeeeeeeeeeeeeeeeeeeee\treeeeeeeeeeeeeeeeeeeeeeeeeeeeeeeeeeeeeeeeeee.csproj", "{A1BCFF0D-DE9A-49A2-97F1-1BD757149158}"
EndProject
Global
	GlobalSection(SolutionConfigurationPlatforms) = preSolution
		Debug|Any CPU = Debug|Any CPU
		Release|Any CPU = Release|Any CPU
	EndGlobalSection
	GlobalSection(ProjectConfigurationPlatforms) = postSolution
		{A1BCFF0D-DE9A-49A2-97F1-1BD757149158}.Debug|Any CPU.ActiveCfg = Debug|Any CPU
		{A1BCFF0D-DE9A-49A2-97F1-1BD757149158}.Debug|Any CPU.Build.0 = Debug|Any CPU
		{A1BCFF0D-DE9A-49A2-97F1-1BD757149158}.Release|Any CPU.ActiveCfg = Release|Any CPU
		{A1BCFF0D-DE9A-49A2-97F1-1BD757149158}.Release|Any CPU.Build.0 = Release|Any CPU
	EndGlobalSection
	GlobalSection(SolutionProperties) = preSolution
		HideSolutionNode = FALSE
	EndGlobalSection
	GlobalSection(ExtensibilityGlobals) = postSolution
		SolutionGuid = {6F1A6C91-5742-40C8-9BD0-EA0FE9D79176}
	EndGlobalSection
EndGlobal
